
Microsoft Visual Studio Solution File, Format Version 12.00
# Visual Studio Version 16
VisualStudioVersion = 16.0.29001.49
MinimumVisualStudioVersion = 10.0.40219.1
Project("{9A19103F-16F7-4668-BE54-9A1E7A4F7556}") = "OrderManager.Functions", "OrderManager.Functions\OrderManager.Functions.csproj", "{28A9610E-EBD0-4FE6-8526-BEBE7E54E05D}"
EndProject
Project("{9A19103F-16F7-4668-BE54-9A1E7A4F7556}") = "OrderManager.Core", "OrderManager.Core\OrderManager.Core.csproj", "{B1D6D604-4C90-400A-A9BF-9529925FF477}"
EndProject
Global
	GlobalSection(SolutionConfigurationPlatforms) = preSolution
		Debug|Any CPU = Debug|Any CPU
		Release|Any CPU = Release|Any CPU
	EndGlobalSection
	GlobalSection(ProjectConfigurationPlatforms) = postSolution
		{28A9610E-EBD0-4FE6-8526-BEBE7E54E05D}.Debug|Any CPU.ActiveCfg = Debug|Any CPU
		{28A9610E-EBD0-4FE6-8526-BEBE7E54E05D}.Debug|Any CPU.Build.0 = Debug|Any CPU
		{28A9610E-EBD0-4FE6-8526-BEBE7E54E05D}.Release|Any CPU.ActiveCfg = Release|Any CPU
		{28A9610E-EBD0-4FE6-8526-BEBE7E54E05D}.Release|Any CPU.Build.0 = Release|Any CPU
		{B1D6D604-4C90-400A-A9BF-9529925FF477}.Debug|Any CPU.ActiveCfg = Debug|Any CPU
		{B1D6D604-4C90-400A-A9BF-9529925FF477}.Debug|Any CPU.Build.0 = Debug|Any CPU
		{B1D6D604-4C90-400A-A9BF-9529925FF477}.Release|Any CPU.ActiveCfg = Release|Any CPU
		{B1D6D604-4C90-400A-A9BF-9529925FF477}.Release|Any CPU.Build.0 = Release|Any CPU
	EndGlobalSection
	GlobalSection(SolutionProperties) = preSolution
		HideSolutionNode = FALSE
	EndGlobalSection
	GlobalSection(ExtensibilityGlobals) = postSolution
		SolutionGuid = {9D8D9C56-0796-4925-B344-2718FD582F38}
	EndGlobalSection
EndGlobal
