
Microsoft Visual Studio Solution File, Format Version 12.00
# Visual Studio Version 16
VisualStudioVersion = 16.0.29519.87
MinimumVisualStudioVersion = 10.0.40219.1
Project("{FAE04EC0-301F-11D3-BF4B-00C04F79EFBC}") = "DurableEntities", "DurableEntities\DurableEntities.csproj", "{AF780683-DCE8-4A28-BB80-D48A1906E99C}"
EndProject
Global
	GlobalSection(SolutionConfigurationPlatforms) = preSolution
		Debug|Any CPU = Debug|Any CPU
		Release|Any CPU = Release|Any CPU
	EndGlobalSection
	GlobalSection(ProjectConfigurationPlatforms) = postSolution
		{AF780683-DCE8-4A28-BB80-D48A1906E99C}.Debug|Any CPU.ActiveCfg = Debug|Any CPU
		{AF780683-DCE8-4A28-BB80-D48A1906E99C}.Debug|Any CPU.Build.0 = Debug|Any CPU
		{AF780683-DCE8-4A28-BB80-D48A1906E99C}.Release|Any CPU.ActiveCfg = Release|Any CPU
		{AF780683-DCE8-4A28-BB80-D48A1906E99C}.Release|Any CPU.Build.0 = Release|Any CPU
	EndGlobalSection
	GlobalSection(SolutionProperties) = preSolution
		HideSolutionNode = FALSE
	EndGlobalSection
	GlobalSection(ExtensibilityGlobals) = postSolution
		SolutionGuid = {6020DF62-4783-4411-9E2D-DAB8B850336C}
	EndGlobalSection
EndGlobal
