
Microsoft Visual Studio Solution File, Format Version 12.00
# Visual Studio Version 16
VisualStudioVersion = 16.0.29009.5
MinimumVisualStudioVersion = 10.0.40219.1
Project("{151D2E53-A2C4-4D7D-83FE-D05416EBD58E}") = "VacationRequestLogicApp", "VacationRequestLogicApp\VacationRequestLogicApp.deployproj", "{03B563EB-0C87-45A0-8F60-D4612A841582}"
EndProject
Global
	GlobalSection(SolutionConfigurationPlatforms) = preSolution
		Debug|Any CPU = Debug|Any CPU
		Release|Any CPU = Release|Any CPU
	EndGlobalSection
	GlobalSection(ProjectConfigurationPlatforms) = postSolution
		{03B563EB-0C87-45A0-8F60-D4612A841582}.Debug|Any CPU.ActiveCfg = Debug|Any CPU
		{03B563EB-0C87-45A0-8F60-D4612A841582}.Debug|Any CPU.Build.0 = Debug|Any CPU
		{03B563EB-0C87-45A0-8F60-D4612A841582}.Release|Any CPU.ActiveCfg = Release|Any CPU
		{03B563EB-0C87-45A0-8F60-D4612A841582}.Release|Any CPU.Build.0 = Release|Any CPU
	EndGlobalSection
	GlobalSection(SolutionProperties) = preSolution
		HideSolutionNode = FALSE
	EndGlobalSection
	GlobalSection(ExtensibilityGlobals) = postSolution
		SolutionGuid = {E5566C33-5657-407C-A425-7F13924CD363}
	EndGlobalSection
EndGlobal
