
Microsoft Visual Studio Solution File, Format Version 12.00
# Visual Studio Version 16
VisualStudioVersion = 16.0.29025.244
MinimumVisualStudioVersion = 10.0.40219.1
Project("{9A19103F-16F7-4668-BE54-9A1E7A4F7556}") = "AzureFunction.Code", "AzureFunction.Code\AzureFunction.Code.csproj", "{A870617A-AB6A-4D07-9897-FA0CB05E0E0B}"
EndProject
Project("{151D2E53-A2C4-4D7D-83FE-D05416EBD58E}") = "AzureFunction.Resources", "AzureFunction.Resources\AzureFunction.Resources.deployproj", "{9477B6FA-F000-49CA-8087-31DE68BCFB7B}"
EndProject
Project("{2150E333-8FDC-42A3-9474-1A3956D46DE8}") = "Pipelines", "Pipelines", "{9443E233-0AAD-429E-BED8-D7E5542E8264}"
	ProjectSection(SolutionItems) = preProject
		Pipelines\SimpleBuildPipeline.yaml = Pipelines\SimpleBuildPipeline.yaml
	EndProjectSection
EndProject
Global
	GlobalSection(SolutionConfigurationPlatforms) = preSolution
		Debug|Any CPU = Debug|Any CPU
		Release|Any CPU = Release|Any CPU
	EndGlobalSection
	GlobalSection(ProjectConfigurationPlatforms) = postSolution
		{A870617A-AB6A-4D07-9897-FA0CB05E0E0B}.Debug|Any CPU.ActiveCfg = Debug|Any CPU
		{A870617A-AB6A-4D07-9897-FA0CB05E0E0B}.Debug|Any CPU.Build.0 = Debug|Any CPU
		{A870617A-AB6A-4D07-9897-FA0CB05E0E0B}.Release|Any CPU.ActiveCfg = Release|Any CPU
		{A870617A-AB6A-4D07-9897-FA0CB05E0E0B}.Release|Any CPU.Build.0 = Release|Any CPU
		{9477B6FA-F000-49CA-8087-31DE68BCFB7B}.Debug|Any CPU.ActiveCfg = Debug|Any CPU
		{9477B6FA-F000-49CA-8087-31DE68BCFB7B}.Debug|Any CPU.Build.0 = Debug|Any CPU
		{9477B6FA-F000-49CA-8087-31DE68BCFB7B}.Release|Any CPU.ActiveCfg = Release|Any CPU
		{9477B6FA-F000-49CA-8087-31DE68BCFB7B}.Release|Any CPU.Build.0 = Release|Any CPU
	EndGlobalSection
	GlobalSection(SolutionProperties) = preSolution
		HideSolutionNode = FALSE
	EndGlobalSection
	GlobalSection(ExtensibilityGlobals) = postSolution
		SolutionGuid = {9DAD14DE-0F30-4699-96A4-E83D1F9DC47C}
	EndGlobalSection
EndGlobal
